
Microsoft Visual Studio Solution File, Format Version 12.00
# Visual Studio 15
VisualStudioVersion = 15.0.28010.2026
MinimumVisualStudioVersion = 10.0.40219.1
Project("{FAE04EC0-301F-11D3-BF4B-00C04F79EFBC}") = "NatalieAvakian", "NatalieAvakian\NatalieAvakian.csproj", "{6F22017D-C814-454F-8CD5-891F8606499D}"
EndProject
Global
	GlobalSection(SolutionConfigurationPlatforms) = preSolution
		Debug|Any CPU = Debug|Any CPU
		Release|Any CPU = Release|Any CPU
	EndGlobalSection
	GlobalSection(ProjectConfigurationPlatforms) = postSolution
		{6F22017D-C814-454F-8CD5-891F8606499D}.Debug|Any CPU.ActiveCfg = Debug|Any CPU
		{6F22017D-C814-454F-8CD5-891F8606499D}.Debug|Any CPU.Build.0 = Debug|Any CPU
		{6F22017D-C814-454F-8CD5-891F8606499D}.Release|Any CPU.ActiveCfg = Release|Any CPU
		{6F22017D-C814-454F-8CD5-891F8606499D}.Release|Any CPU.Build.0 = Release|Any CPU
	EndGlobalSection
	GlobalSection(SolutionProperties) = preSolution
		HideSolutionNode = FALSE
	EndGlobalSection
	GlobalSection(ExtensibilityGlobals) = postSolution
		SolutionGuid = {6BDB4625-E816-4A2C-B705-875D16E05222}
	EndGlobalSection
EndGlobal
